
Microsoft Visual Studio Solution File, Format Version 12.00
# Visual Studio Version 17
VisualStudioVersion = 17.4.33205.214
MinimumVisualStudioVersion = 10.0.40219.1
Project("{FAE04EC0-301F-11D3-BF4B-00C04F79EFBC}") = "Hazeri", "Hazeri\Hazeri.csproj", "{624C6CF9-61E9-45E8-AF56-8EEC41E7B0EC}"
EndProject
Global
	GlobalSection(SolutionConfigurationPlatforms) = preSolution
		Debug|Any CPU = Debug|Any CPU
		Release|Any CPU = Release|Any CPU
	EndGlobalSection
	GlobalSection(ProjectConfigurationPlatforms) = postSolution
		{624C6CF9-61E9-45E8-AF56-8EEC41E7B0EC}.Debug|Any CPU.ActiveCfg = Debug|Any CPU
		{624C6CF9-61E9-45E8-AF56-8EEC41E7B0EC}.Debug|Any CPU.Build.0 = Debug|Any CPU
		{624C6CF9-61E9-45E8-AF56-8EEC41E7B0EC}.Release|Any CPU.ActiveCfg = Release|Any CPU
		{624C6CF9-61E9-45E8-AF56-8EEC41E7B0EC}.Release|Any CPU.Build.0 = Release|Any CPU
	EndGlobalSection
	GlobalSection(SolutionProperties) = preSolution
		HideSolutionNode = FALSE
	EndGlobalSection
	GlobalSection(ExtensibilityGlobals) = postSolution
		SolutionGuid = {8BFB6EA3-D804-44C1-A845-3303070312AE}
	EndGlobalSection
EndGlobal
